
Microsoft Visual Studio Solution File, Format Version 12.00
# Visual Studio Version 17
VisualStudioVersion = 17.8.34004.107
MinimumVisualStudioVersion = 10.0.40219.1
Project("{FAE04EC0-301F-11D3-BF4B-00C04F79EFBC}") = "BlazorApp6", "BlazorApp6\BlazorApp6.csproj", "{7EC90164-2D84-45D0-B347-7F9FF7912D77}"
EndProject
Global
	GlobalSection(SolutionConfigurationPlatforms) = preSolution
		Debug|Any CPU = Debug|Any CPU
		Release|Any CPU = Release|Any CPU
	EndGlobalSection
	GlobalSection(ProjectConfigurationPlatforms) = postSolution
		{7EC90164-2D84-45D0-B347-7F9FF7912D77}.Debug|Any CPU.ActiveCfg = Debug|Any CPU
		{7EC90164-2D84-45D0-B347-7F9FF7912D77}.Debug|Any CPU.Build.0 = Debug|Any CPU
		{7EC90164-2D84-45D0-B347-7F9FF7912D77}.Release|Any CPU.ActiveCfg = Release|Any CPU
		{7EC90164-2D84-45D0-B347-7F9FF7912D77}.Release|Any CPU.Build.0 = Release|Any CPU
	EndGlobalSection
	GlobalSection(SolutionProperties) = preSolution
		HideSolutionNode = FALSE
	EndGlobalSection
	GlobalSection(ExtensibilityGlobals) = postSolution
		SolutionGuid = {E3F671C4-F824-4B7E-8BB5-45123E1030A9}
	EndGlobalSection
EndGlobal
